# This file was autogenerated by Stack.
# You should not edit this file by hand.
# For more information, please see the documentation at:
#   https://docs.haskellstack.org/en/stable/lock_files

packages:
- completed:
    hackage: github-0.25@sha256:32e1ede86a04976e06740a5993fab5306c5dbfdd17e96d83b79e53b82195739e,7091
    pantry-tree:
      size: 7412
      sha256: 7cdaaf168051ed364ee9e2e565c63e2257755720fe5bfa287331e06581ea78f1
  original:
    hackage: github-0.25
- completed:
    hackage: binary-instances-1@sha256:b17565598b8df3241f9b46fa8e3a3368ecc8e3f2eb175d7c28f319042a6f5c79,2613
    pantry-tree:
      size: 1035
      sha256: 938ffc6990cac12681c657f7afa93737eecf335e6f0212d8c0b7c1ea3e0f40f4
  original:
    hackage: binary-instances-1
- completed:
    hackage: binary-orphans-1.0.1@sha256:1a3065d280912dd6312b20e0d41e9867069cdfde772f198299bc67d187996be8,2116
    pantry-tree:
      size: 285
      sha256: 28a195baa52b44a912ed4c1193b7074a4e7669612049298b799b05a3ec849506
  original:
    hackage: binary-orphans-1.0.1
snapshots:
- completed:
    size: 488576
    url: https://raw.githubusercontent.com/commercialhaskell/stackage-snapshots/master/lts/15/0.yaml
    sha256: e4b6a87b47ec1cf63a7f1a0884a3b276fce2b0d174a10e8753c4f618e7983568
  original: lts-15.0
